
Microsoft Visual Studio Solution File, Format Version 12.00
# Visual Studio Version 16
VisualStudioVersion = 16.0.29609.76
MinimumVisualStudioVersion = 10.0.40219.1
Project("{FAE04EC0-301F-11D3-BF4B-00C04F79EFBC}") = "Autoservice", "Autoservice.csproj", "{F1D91E75-139A-4666-B92B-0C9D6741CB8E}"
EndProject
Project("{FAE04EC0-301F-11D3-BF4B-00C04F79EFBC}") = "UnitTest", "UnitTest\UnitTest.csproj", "{C5B09AC5-2E35-4A6F-AF73-E4E9F1924845}"
EndProject
Global
	GlobalSection(SolutionConfigurationPlatforms) = preSolution
		Debug|Any CPU = Debug|Any CPU
		Release|Any CPU = Release|Any CPU
	EndGlobalSection
	GlobalSection(ProjectConfigurationPlatforms) = postSolution
		{F1D91E75-139A-4666-B92B-0C9D6741CB8E}.Debug|Any CPU.ActiveCfg = Debug|Any CPU
		{F1D91E75-139A-4666-B92B-0C9D6741CB8E}.Debug|Any CPU.Build.0 = Debug|Any CPU
		{F1D91E75-139A-4666-B92B-0C9D6741CB8E}.Release|Any CPU.ActiveCfg = Release|Any CPU
		{F1D91E75-139A-4666-B92B-0C9D6741CB8E}.Release|Any CPU.Build.0 = Release|Any CPU
		{C5B09AC5-2E35-4A6F-AF73-E4E9F1924845}.Debug|Any CPU.ActiveCfg = Debug|Any CPU
		{C5B09AC5-2E35-4A6F-AF73-E4E9F1924845}.Debug|Any CPU.Build.0 = Debug|Any CPU
		{C5B09AC5-2E35-4A6F-AF73-E4E9F1924845}.Release|Any CPU.ActiveCfg = Release|Any CPU
		{C5B09AC5-2E35-4A6F-AF73-E4E9F1924845}.Release|Any CPU.Build.0 = Release|Any CPU
	EndGlobalSection
	GlobalSection(SolutionProperties) = preSolution
		HideSolutionNode = FALSE
	EndGlobalSection
	GlobalSection(ExtensibilityGlobals) = postSolution
		SolutionGuid = {A7373D7B-A5D6-49B8-8C7C-E3529B46CF1A}
	EndGlobalSection
EndGlobal
